[[package]]
category = "main"
description = "MQTT version 5.0/3.1.1 client class"
name = "paho-mqtt"
optional = false
python-versions = "*"
version = "1.5.1"

[package.extras]
proxy = ["pysocks"]

[metadata]
content-hash = "d27c29f83ba63519bb28eaae22e2d5927c6aa2469eeac47e62b09aeb114416aa"
python-versions = "^3.8"

[metadata.files]
paho-mqtt = [
    {file = "paho-mqtt-1.5.1.tar.gz", hash = "sha256:9feb068e822be7b3a116324e01fb6028eb1d66412bf98595ae72698965cb1cae"},
]
